{
  "name": "silica-ts",
  "version": "0.1.0",
  "lockfileVersion": 2,
  "requires": true,
  "packages": {
    "": {
      "version": "0.1.0",
      "license": "MIT",
      "dependencies": {
        "builtin-url": "^0.1.0",
        "crypto-es": "^1.2.7",
        "xhr2": "^0.2.1"
      },
      "devDependencies": {
        "typescript": "^4.4.2"
      }
    },
    "node_modules/builtin-url": {
      "version": "0.1.2",
      "resolved": "https://registry.npmjs.org/builtin-url/-/builtin-url-0.1.2.tgz",
      "integrity": "sha512-o1TMMEYN8/0R+WbYBF9UdlTxbW1gKI9anHnKa7/LDtD3dbMutC9l++n6/XHcZN9IPpec+3U0LIKNZIjVqJOvxw=="
    },
    "node_modules/crypto-es": {
      "version": "1.2.7",
      "integrity": "sha512-UUqiVJ2gUuZFmbFsKmud3uuLcNP2+Opt+5ysmljycFCyhA0+T16XJmo1ev/t5kMChMqWh7IEvURNCqsg+SjZGQ=="
    },
    "node_modules/typescript": {
      "version": "4.4.2",
      "integrity": "sha512-gzP+t5W4hdy4c+68bfcv0t400HVJMMd2+H9B7gae1nQlBzCqvrXX+6GL/b3GAgyTH966pzrZ70/fRjwAtZksSQ==",
      "dev": true,
      "bin": {
        "tsc": "bin/tsc",
        "tsserver": "bin/tsserver"
      },
      "engines": {
        "node": ">=4.2.0"
      }
    },
    "node_modules/xhr2": {
      "version": "0.2.1",
      "integrity": "sha512-sID0rrVCqkVNUn8t6xuv9+6FViXjUVXq8H5rWOH2rz9fDNQEd4g0EA2XlcEdJXRz5BMEn4O1pJFdT+z4YHhoWw==",
      "engines": {
        "node": ">= 6"
      }
    }
  },
  "dependencies": {
    "builtin-url": {
      "version": "0.1.2",
      "resolved": "https://registry.npmjs.org/builtin-url/-/builtin-url-0.1.2.tgz",
      "integrity": "sha512-o1TMMEYN8/0R+WbYBF9UdlTxbW1gKI9anHnKa7/LDtD3dbMutC9l++n6/XHcZN9IPpec+3U0LIKNZIjVqJOvxw=="
    },
    "crypto-es": {
      "version": "1.2.7",
      "integrity": "sha512-UUqiVJ2gUuZFmbFsKmud3uuLcNP2+Opt+5ysmljycFCyhA0+T16XJmo1ev/t5kMChMqWh7IEvURNCqsg+SjZGQ=="
    },
    "typescript": {
      "version": "4.4.2",
      "integrity": "sha512-gzP+t5W4hdy4c+68bfcv0t400HVJMMd2+H9B7gae1nQlBzCqvrXX+6GL/b3GAgyTH966pzrZ70/fRjwAtZksSQ==",
      "dev": true
    },
    "xhr2": {
      "version": "0.2.1",
      "integrity": "sha512-sID0rrVCqkVNUn8t6xuv9+6FViXjUVXq8H5rWOH2rz9fDNQEd4g0EA2XlcEdJXRz5BMEn4O1pJFdT+z4YHhoWw=="
    }
  }
}
