{
  "name": "silica-ts",
  "version": "0.1.0",
  "lockfileVersion": 1,
  "requires": true,
  "dependencies": {
    "@types/node": {
      "version": "16.7.8",
      "resolved": "https://registry.npmjs.org/@types/node/-/node-16.7.8.tgz",
      "integrity": "sha512-8upnoQU0OPzbIkm+ZMM0zCeFCkw2s3mS0IWdx0+AAaWqm4fkBb0UJp8Edl7FVKRamYbpJC/aVsHpKWBIbiC7Zg==",
      "dev": true
    },
    "crypto-es": {
      "version": "1.2.7",
      "resolved": "https://registry.npmjs.org/crypto-es/-/crypto-es-1.2.7.tgz",
      "integrity": "sha512-UUqiVJ2gUuZFmbFsKmud3uuLcNP2+Opt+5ysmljycFCyhA0+T16XJmo1ev/t5kMChMqWh7IEvURNCqsg+SjZGQ=="
    },
    "typescript": {
      "version": "4.4.2",
      "resolved": "https://registry.npmjs.org/typescript/-/typescript-4.4.2.tgz",
      "integrity": "sha512-gzP+t5W4hdy4c+68bfcv0t400HVJMMd2+H9B7gae1nQlBzCqvrXX+6GL/b3GAgyTH966pzrZ70/fRjwAtZksSQ==",
      "dev": true
    }
  }
}
